
Microsoft Visual Studio Solution File, Format Version 12.00
# Visual Studio Version 17
VisualStudioVersion = 17.0.31903.59
MinimumVisualStudioVersion = 10.0.40219.1
Project("{FAE04EC0-301F-11D3-BF4B-00C04F79EFBC}") = "MicroService1.API", "MicroService1.API\MicroService1.API.csproj", "{27B58FD7-D11C-4C43-B66D-A5493DC62173}"
EndProject
Project("{FAE04EC0-301F-11D3-BF4B-00C04F79EFBC}") = "MicroService2.API", "MicroService2.API\MicroService2.API.csproj", "{14FF7F97-8E3C-4628-9AA3-2F4EF3F919D2}"
EndProject
Global
	GlobalSection(SolutionConfigurationPlatforms) = preSolution
		Debug|Any CPU = Debug|Any CPU
		Release|Any CPU = Release|Any CPU
	EndGlobalSection
	GlobalSection(SolutionProperties) = preSolution
		HideSolutionNode = FALSE
	EndGlobalSection
	GlobalSection(ProjectConfigurationPlatforms) = postSolution
		{27B58FD7-D11C-4C43-B66D-A5493DC62173}.Debug|Any CPU.ActiveCfg = Debug|Any CPU
		{27B58FD7-D11C-4C43-B66D-A5493DC62173}.Debug|Any CPU.Build.0 = Debug|Any CPU
		{27B58FD7-D11C-4C43-B66D-A5493DC62173}.Release|Any CPU.ActiveCfg = Release|Any CPU
		{27B58FD7-D11C-4C43-B66D-A5493DC62173}.Release|Any CPU.Build.0 = Release|Any CPU
		{14FF7F97-8E3C-4628-9AA3-2F4EF3F919D2}.Debug|Any CPU.ActiveCfg = Debug|Any CPU
		{14FF7F97-8E3C-4628-9AA3-2F4EF3F919D2}.Debug|Any CPU.Build.0 = Debug|Any CPU
		{14FF7F97-8E3C-4628-9AA3-2F4EF3F919D2}.Release|Any CPU.ActiveCfg = Release|Any CPU
		{14FF7F97-8E3C-4628-9AA3-2F4EF3F919D2}.Release|Any CPU.Build.0 = Release|Any CPU
	EndGlobalSection
EndGlobal
